
Microsoft Visual Studio Solution File, Format Version 12.00
# Visual Studio Version 16
VisualStudioVersion = 16.0.31702.278
MinimumVisualStudioVersion = 10.0.40219.1
Project("{9A19103F-16F7-4668-BE54-9A1E7A4F7556}") = "HelperlandBackend", "HelperlandBackend\HelperlandBackend.csproj", "{1CB8445F-F994-4201-969C-FDA685691913}"
EndProject
Project("{2150E333-8FDC-42A3-9474-1A3956D46DE8}") = "Solution Items", "Solution Items", "{7EA7407C-0774-4881-B942-B11B25D75D8D}"
	ProjectSection(SolutionItems) = preProject
		.editorconfig = .editorconfig
	EndProjectSection
EndProject
Global
	GlobalSection(SolutionConfigurationPlatforms) = preSolution
		Debug|Any CPU = Debug|Any CPU
		Release|Any CPU = Release|Any CPU
	EndGlobalSection
	GlobalSection(ProjectConfigurationPlatforms) = postSolution
		{1CB8445F-F994-4201-969C-FDA685691913}.Debug|Any CPU.ActiveCfg = Debug|Any CPU
		{1CB8445F-F994-4201-969C-FDA685691913}.Debug|Any CPU.Build.0 = Debug|Any CPU
		{1CB8445F-F994-4201-969C-FDA685691913}.Release|Any CPU.ActiveCfg = Release|Any CPU
		{1CB8445F-F994-4201-969C-FDA685691913}.Release|Any CPU.Build.0 = Release|Any CPU
	EndGlobalSection
	GlobalSection(SolutionProperties) = preSolution
		HideSolutionNode = FALSE
	EndGlobalSection
	GlobalSection(ExtensibilityGlobals) = postSolution
		SolutionGuid = {A33F62CB-51FC-45A6-BC71-2CE6D754BC38}
	EndGlobalSection
EndGlobal
